# Code generated by scarb DO NOT EDIT.
version = 1

[[package]]
name = "covert"
version = "0.1.0"
dependencies = [
 "snforge_std",
]

[[package]]
name = "snforge_scarb_plugin"
version = "0.63.0"
source = "registry+https://scarbs.xyz/"
checksum = "sha256:05f937b499ddaf534271de8766d8e2a17dd5675776c5a5db3dd769cdfe7be6d2"

[[package]]
name = "snforge_std"
version = "0.63.0"
source = "registry+https://scarbs.xyz/"
checksum = "sha256:8b0efc66fc4275dde83b79bfe5b0ff6b486d16dd559e0e3c9077afb21760c939"
dependencies = [
 "snforge_scarb_plugin",
]
